// !$*UTF8*$!
{
	archiveVersion = 1;
	classes = {
	};
	objectVersion = 46;
	objects = {

/* Begin PBXBuildFile section */
		A59BF4CAA98219AEA6164537 /* Pods_TwitterDemo.framework in Frameworks */ = {isa = PBXBuildFile; fileRef = AB026246E0DD897DA2C5863A /* Pods_TwitterDemo.framework */; };
		EF33BC371E62D24F002152D5 /* AppDelegate.swift in Sources */ = {isa = PBXBuildFile; fileRef = EF33BC361E62D24F002152D5 /* AppDelegate.swift */; };
		EF33BC391E62D24F002152D5 /* ViewController.swift in Sources */ = {isa = PBXBuildFile; fileRef = EF33BC381E62D24F002152D5 /* ViewController.swift */; };
		EF33BC3C1E62D24F002152D5 /* Main.storyboard in Resources */ = {isa = PBXBuildFile; fileRef = EF33BC3A1E62D24F002152D5 /* Main.storyboard */; };
		EF33BC3E1E62D24F002152D5 /* Assets.xcassets in Resources */ = {isa = PBXBuildFile; fileRef = EF33BC3D1E62D24F002152D5 /* Assets.xcassets */; };
		EF33BC411E62D24F002152D5 /* LaunchScreen.storyboard in Resources */ = {isa = PBXBuildFile; fileRef = EF33BC3F1E62D24F002152D5 /* LaunchScreen.storyboard */; };
		EF403B121E62DA3300FF09B0 /* LoginViewController.swift in Sources */ = {isa = PBXBuildFile; fileRef = EF403B111E62DA3300FF09B0 /* LoginViewController.swift */; };
		EF7CD1D01E63B9C6007ABAE1 /* User.swift in Sources */ = {isa = PBXBuildFile; fileRef = EF7CD1CF1E63B9C6007ABAE1 /* User.swift */; };
		EF7CD1D21E63B9DB007ABAE1 /* Tweet.swift in Sources */ = {isa = PBXBuildFile; fileRef = EF7CD1D11E63B9DB007ABAE1 /* Tweet.swift */; };
		EF7CD1D41E63EA11007ABAE1 /* TwitterClient.swift in Sources */ = {isa = PBXBuildFile; fileRef = EF7CD1D31E63EA11007ABAE1 /* TwitterClient.swift */; };
		EF7CD1D61E643E2C007ABAE1 /* TweetsViewController.swift in Sources */ = {isa = PBXBuildFile; fileRef = EF7CD1D51E643E2C007ABAE1 /* TweetsViewController.swift */; };
		EF7CD1D81E6450ED007ABAE1 /* TwitterCell.swift in Sources */ = {isa = PBXBuildFile; fileRef = EF7CD1D71E6450ED007ABAE1 /* TwitterCell.swift */; };
/* End PBXBuildFile section */

/* Begin PBXFileReference section */
		AB026246E0DD897DA2C5863A /* Pods_TwitterDemo.framework */ = {isa = PBXFileReference; explicitFileType = wrapper.framework; includeInIndex = 0; path = Pods_TwitterDemo.framework; sourceTree = BUILT_PRODUCTS_DIR; };
		EF33BC331E62D24F002152D5 /* Twitter.app */ = {isa = PBXFileReference; explicitFileType = wrapper.application; includeInIndex = 0; path = Twitter.app; sourceTree = BUILT_PRODUCTS_DIR; };
		EF33BC361E62D24F002152D5 /* AppDelegate.swift */ = {isa = PBXFileReference; lastKnownFileType = sourcecode.swift; path = AppDelegate.swift; sourceTree = "<group>"; };
		EF33BC381E62D24F002152D5 /* ViewController.swift */ = {isa = PBXFileReference; lastKnownFileType = sourcecode.swift; path = ViewController.swift; sourceTree = "<group>"; };
		EF33BC3B1E62D24F002152D5 /* Base */ = {isa = PBXFileReference; lastKnownFileType = file.storyboard; name = Base; path = Base.lproj/Main.storyboard; sourceTree = "<group>"; };
		EF33BC3D1E62D24F002152D5 /* Assets.xcassets */ = {isa = PBXFileReference; lastKnownFileType = folder.assetcatalog; path = Assets.xcassets; sourceTree = "<group>"; };
		EF33BC401E62D24F002152D5 /* Base */ = {isa = PBXFileReference; lastKnownFileType = file.storyboard; name = Base; path = Base.lproj/LaunchScreen.storyboard; sourceTree = "<group>"; };
		EF33BC421E62D24F002152D5 /* Info.plist */ = {isa = PBXFileReference; lastKnownFileType = text.plist.xml; path = Info.plist; sourceTree = "<group>"; };
		EF403B111E62DA3300FF09B0 /* LoginViewController.swift */ = {isa = PBXFileReference; fileEncoding = 4; lastKnownFileType = sourcecode.swift; path = LoginViewController.swift; sourceTree = "<group>"; };
		EF7CD1CF1E63B9C6007ABAE1 /* User.swift */ = {isa = PBXFileReference; fileEncoding = 4; lastKnownFileType = sourcecode.swift; path = User.swift; sourceTree = "<group>"; };
		EF7CD1D11E63B9DB007ABAE1 /* Tweet.swift */ = {isa = PBXFileReference; fileEncoding = 4; lastKnownFileType = sourcecode.swift; path = Tweet.swift; sourceTree = "<group>"; };
		EF7CD1D31E63EA11007ABAE1 /* TwitterClient.swift */ = {isa = PBXFileReference; fileEncoding = 4; lastKnownFileType = sourcecode.swift; path = TwitterClient.swift; sourceTree = "<group>"; };
		EF7CD1D51E643E2C007ABAE1 /* TweetsViewController.swift */ = {isa = PBXFileReference; fileEncoding = 4; lastKnownFileType = sourcecode.swift; path = TweetsViewController.swift; sourceTree = "<group>"; };
		EF7CD1D71E6450ED007ABAE1 /* TwitterCell.swift */ = {isa = PBXFileReference; fileEncoding = 4; lastKnownFileType = sourcecode.swift; path = TwitterCell.swift; sourceTree = "<group>"; };
		F8758545982B10C04EA99F03 /* Pods-TwitterDemo.debug.xcconfig */ = {isa = PBXFileReference; includeInIndex = 1; lastKnownFileType = text.xcconfig; name = "Pods-TwitterDemo.debug.xcconfig"; path = "Pods/Target Support Files/Pods-TwitterDemo/Pods-TwitterDemo.debug.xcconfig"; sourceTree = "<group>"; };
		FBA26634F1BC82DE99861DD7 /* Pods-TwitterDemo.release.xcconfig */ = {isa = PBXFileReference; includeInIndex = 1; lastKnownFileType = text.xcconfig; name = "Pods-TwitterDemo.release.xcconfig"; path = "Pods/Target Support Files/Pods-TwitterDemo/Pods-TwitterDemo.release.xcconfig"; sourceTree = "<group>"; };
/* End PBXFileReference section */

/* Begin PBXFrameworksBuildPhase section */
		EF33BC301E62D24F002152D5 /* Frameworks */ = {
			isa = PBXFrameworksBuildPhase;
			buildActionMask = 2147483647;
			files = (
				A59BF4CAA98219AEA6164537 /* Pods_TwitterDemo.framework in Frameworks */,
			);
			runOnlyForDeploymentPostprocessing = 0;
		};
/* End PBXFrameworksBuildPhase section */

/* Begin PBXGroup section */
		72B5BFB90FD7679DE77FA676 /* Pods */ = {
			isa = PBXGroup;
			children = (
				F8758545982B10C04EA99F03 /* Pods-TwitterDemo.debug.xcconfig */,
				FBA26634F1BC82DE99861DD7 /* Pods-TwitterDemo.release.xcconfig */,
			);
			name = Pods;
			sourceTree = "<group>";
		};
		D7555D5CDED89DF413D9A195 /* Frameworks */ = {
			isa = PBXGroup;
			children = (
				AB026246E0DD897DA2C5863A /* Pods_TwitterDemo.framework */,
			);
			name = Frameworks;
			sourceTree = "<group>";
		};
		EF33BC2A1E62D24F002152D5 = {
			isa = PBXGroup;
			children = (
				EF33BC351E62D24F002152D5 /* TwitterDemo */,
				EF33BC341E62D24F002152D5 /* Products */,
				72B5BFB90FD7679DE77FA676 /* Pods */,
				D7555D5CDED89DF413D9A195 /* Frameworks */,
			);
			sourceTree = "<group>";
		};
		EF33BC341E62D24F002152D5 /* Products */ = {
			isa = PBXGroup;
			children = (
				EF33BC331E62D24F002152D5 /* Twitter.app */,
			);
			name = Products;
			sourceTree = "<group>";
		};
		EF33BC351E62D24F002152D5 /* TwitterDemo */ = {
			isa = PBXGroup;
			children = (
				EF7CD1CE1E63B15F007ABAE1 /* API */,
				EF7CD1CD1E63B14F007ABAE1 /* View Controllers */,
				EF7CD1CC1E63B14A007ABAE1 /* Models */,
				EF33BC361E62D24F002152D5 /* AppDelegate.swift */,
				EF33BC3A1E62D24F002152D5 /* Main.storyboard */,
				EF33BC3D1E62D24F002152D5 /* Assets.xcassets */,
				EF33BC3F1E62D24F002152D5 /* LaunchScreen.storyboard */,
				EF33BC421E62D24F002152D5 /* Info.plist */,
				EF7CD1D71E6450ED007ABAE1 /* TwitterCell.swift */,
			);
			path = TwitterDemo;
			sourceTree = "<group>";
		};
		EF7CD1CC1E63B14A007ABAE1 /* Models */ = {
			isa = PBXGroup;
			children = (
				EF7CD1CF1E63B9C6007ABAE1 /* User.swift */,
				EF7CD1D11E63B9DB007ABAE1 /* Tweet.swift */,
			);
			name = Models;
			sourceTree = "<group>";
		};
		EF7CD1CD1E63B14F007ABAE1 /* View Controllers */ = {
			isa = PBXGroup;
			children = (
				EF403B111E62DA3300FF09B0 /* LoginViewController.swift */,
				EF33BC381E62D24F002152D5 /* ViewController.swift */,
				EF7CD1D51E643E2C007ABAE1 /* TweetsViewController.swift */,
			);
			name = "View Controllers";
			sourceTree = "<group>";
		};
		EF7CD1CE1E63B15F007ABAE1 /* API */ = {
			isa = PBXGroup;
			children = (
				EF7CD1D31E63EA11007ABAE1 /* TwitterClient.swift */,
			);
			name = API;
			sourceTree = "<group>";
		};
/* End PBXGroup section */

/* Begin PBXNativeTarget section */
		EF33BC321E62D24F002152D5 /* Twitter */ = {
			isa = PBXNativeTarget;
			buildConfigurationList = EF33BC451E62D24F002152D5 /* Build configuration list for PBXNativeTarget "Twitter" */;
			buildPhases = (
				5F168166DD0D3D062B017D32 /* [CP] Check Pods Manifest.lock */,
				EF33BC2F1E62D24F002152D5 /* Sources */,
				EF33BC301E62D24F002152D5 /* Frameworks */,
				EF33BC311E62D24F002152D5 /* Resources */,
				73AC9857E279150EAEB49710 /* [CP] Embed Pods Frameworks */,
				60A18BA374A63AC064B87E2E /* [CP] Copy Pods Resources */,
			);
			buildRules = (
			);
			dependencies = (
			);
			name = Twitter;
			productName = TwitterDemo;
			productReference = EF33BC331E62D24F002152D5 /* Twitter.app */;
			productType = "com.apple.product-type.application";
		};
/* End PBXNativeTarget section */

/* Begin PBXProject section */
		EF33BC2B1E62D24F002152D5 /* Project object */ = {
			isa = PBXProject;
			attributes = {
				LastSwiftUpdateCheck = 0820;
				LastUpgradeCheck = 0820;
				ORGANIZATIONNAME = "Gerard Recinto";
				TargetAttributes = {
					EF33BC321E62D24F002152D5 = {
						CreatedOnToolsVersion = 8.2.1;
						ProvisioningStyle = Automatic;
					};
				};
			};
			buildConfigurationList = EF33BC2E1E62D24F002152D5 /* Build configuration list for PBXProject "TwitterDemo" */;
			compatibilityVersion = "Xcode 3.2";
			developmentRegion = English;
			hasScannedForEncodings = 0;
			knownRegions = (
				en,
				Base,
			);
			mainGroup = EF33BC2A1E62D24F002152D5;
			productRefGroup = EF33BC341E62D24F002152D5 /* Products */;
			projectDirPath = "";
			projectRoot = "";
			targets = (
				EF33BC321E62D24F002152D5 /* Twitter */,
			);
		};
/* End PBXProject section */

/* Begin PBXResourcesBuildPhase section */
		EF33BC311E62D24F002152D5 /* Resources */ = {
			isa = PBXResourcesBuildPhase;
			buildActionMask = 2147483647;
			files = (
				EF33BC411E62D24F002152D5 /* LaunchScreen.storyboard in Resources */,
				EF33BC3E1E62D24F002152D5 /* Assets.xcassets in Resources */,
				EF33BC3C1E62D24F002152D5 /* Main.storyboard in Resources */,
			);
			runOnlyForDeploymentPostprocessing = 0;
		};
/* End PBXResourcesBuildPhase section */

/* Begin PBXShellScriptBuildPhase section */
		5F168166DD0D3D062B017D32 /* [CP] Check Pods Manifest.lock */ = {
			isa = PBXShellScriptBuildPhase;
			buildActionMask = 2147483647;
			files = (
			);
			inputPaths = (
			);
			name = "[CP] Check Pods Manifest.lock";
			outputPaths = (
			);
			runOnlyForDeploymentPostprocessing = 0;
			shellPath = /bin/sh;
			shellScript = "diff \"${PODS_ROOT}/../Podfile.lock\" \"${PODS_ROOT}/Manifest.lock\" > /dev/null\nif [ $? != 0 ] ; then\n    # print error to STDERR\n    echo \"error: The sandbox is not in sync with the Podfile.lock. Run 'pod install' or update your CocoaPods installation.\" >&2\n    exit 1\nfi\n";
			showEnvVarsInLog = 0;
		};
		60A18BA374A63AC064B87E2E /* [CP] Copy Pods Resources */ = {
			isa = PBXShellScriptBuildPhase;
			buildActionMask = 2147483647;
			files = (
			);
			inputPaths = (
			);
			name = "[CP] Copy Pods Resources";
			outputPaths = (
			);
			runOnlyForDeploymentPostprocessing = 0;
			shellPath = /bin/sh;
			shellScript = "\"${SRCROOT}/Pods/Target Support Files/Pods-TwitterDemo/Pods-TwitterDemo-resources.sh\"\n";
			showEnvVarsInLog = 0;
		};
		73AC9857E279150EAEB49710 /* [CP] Embed Pods Frameworks */ = {
			isa = PBXShellScriptBuildPhase;
			buildActionMask = 2147483647;
			files = (
			);
			inputPaths = (
			);
			name = "[CP] Embed Pods Frameworks";
			outputPaths = (
			);
			runOnlyForDeploymentPostprocessing = 0;
			shellPath = /bin/sh;
			shellScript = "\"${SRCROOT}/Pods/Target Support Files/Pods-TwitterDemo/Pods-TwitterDemo-frameworks.sh\"\n";
			showEnvVarsInLog = 0;
		};
/* End PBXShellScriptBuildPhase section */

/* Begin PBXSourcesBuildPhase section */
		EF33BC2F1E62D24F002152D5 /* Sources */ = {
			isa = PBXSourcesBuildPhase;
			buildActionMask = 2147483647;
			files = (
				EF7CD1D01E63B9C6007ABAE1 /* User.swift in Sources */,
				EF7CD1D21E63B9DB007ABAE1 /* Tweet.swift in Sources */,
				EF403B121E62DA3300FF09B0 /* LoginViewController.swift in Sources */,
				EF33BC391E62D24F002152D5 /* ViewController.swift in Sources */,
				EF7CD1D61E643E2C007ABAE1 /* TweetsViewController.swift in Sources */,
				EF7CD1D41E63EA11007ABAE1 /* TwitterClient.swift in Sources */,
				EF33BC371E62D24F002152D5 /* AppDelegate.swift in Sources */,
				EF7CD1D81E6450ED007ABAE1 /* TwitterCell.swift in Sources */,
			);
			runOnlyForDeploymentPostprocessing = 0;
		};
/* End PBXSourcesBuildPhase section */

/* Begin PBXVariantGroup section */
		EF33BC3A1E62D24F002152D5 /* Main.storyboard */ = {
			isa = PBXVariantGroup;
			children = (
				EF33BC3B1E62D24F002152D5 /* Base */,
			);
			name = Main.storyboard;
			sourceTree = "<group>";
		};
		EF33BC3F1E62D24F002152D5 /* LaunchScreen.storyboard */ = {
			isa = PBXVariantGroup;
			children = (
				EF33BC401E62D24F002152D5 /* Base */,
			);
			name = LaunchScreen.storyboard;
			sourceTree = "<group>";
		};
/* End PBXVariantGroup section */

/* Begin XCBuildConfiguration section */
		EF33BC431E62D24F002152D5 /* Debug */ = {
			isa = XCBuildConfiguration;
			buildSettings = {
				ALWAYS_SEARCH_USER_PATHS = NO;
				CLANG_ANALYZER_NONNULL = YES;
				CLANG_CXX_LANGUAGE_STANDARD = "gnu++0x";
				CLANG_CXX_LIBRARY = "libc++";
				CLANG_ENABLE_MODULES = YES;
				CLANG_ENABLE_OBJC_ARC = YES;
				CLANG_WARN_BOOL_CONVERSION = YES;
				CLANG_WARN_CONSTANT_CONVERSION = YES;
				CLANG_WARN_DIRECT_OBJC_ISA_USAGE = YES_ERROR;
				CLANG_WARN_DOCUMENTATION_COMMENTS = YES;
				CLANG_WARN_EMPTY_BODY = YES;
				CLANG_WARN_ENUM_CONVERSION = YES;
				CLANG_WARN_INFINITE_RECURSION = YES;
				CLANG_WARN_INT_CONVERSION = YES;
				CLANG_WARN_OBJC_ROOT_CLASS = YES_ERROR;
				CLANG_WARN_SUSPICIOUS_MOVE = YES;
				CLANG_WARN_UNREACHABLE_CODE = YES;
				CLANG_WARN__DUPLICATE_METHOD_MATCH = YES;
				"CODE_SIGN_IDENTITY[sdk=iphoneos*]" = "iPhone Developer";
				COPY_PHASE_STRIP = NO;
				DEBUG_INFORMATION_FORMAT = dwarf;
				ENABLE_STRICT_OBJC_MSGSEND = YES;
				ENABLE_TESTABILITY = YES;
				GCC_C_LANGUAGE_STANDARD = gnu99;
				GCC_DYNAMIC_NO_PIC = NO;
				GCC_NO_COMMON_BLOCKS = YES;
				GCC_OPTIMIZATION_LEVEL = 0;
				GCC_PREPROCESSOR_DEFINITIONS = (
					"DEBUG=1",
					"$(inherited)",
				);
				GCC_WARN_64_TO_32_BIT_CONVERSION = YES;
				GCC_WARN_ABOUT_RETURN_TYPE = YES_ERROR;
				GCC_WARN_UNDECLARED_SELECTOR = YES;
				GCC_WARN_UNINITIALIZED_AUTOS = YES_AGGRESSIVE;
				GCC_WARN_UNUSED_FUNCTION = YES;
				GCC_WARN_UNUSED_VARIABLE = YES;
				IPHONEOS_DEPLOYMENT_TARGET = 10.2;
				MTL_ENABLE_DEBUG_INFO = YES;
				ONLY_ACTIVE_ARCH = YES;
				SDKROOT = iphoneos;
				SWIFT_ACTIVE_COMPILATION_CONDITIONS = DEBUG;
				SWIFT_OPTIMIZATION_LEVEL = "-Onone";
				TARGETED_DEVICE_FAMILY = "1,2";
			};
			name = Debug;
		};
		EF33BC441E62D24F002152D5 /* Release */ = {
			isa = XCBuildConfiguration;
			buildSettings = {
				ALWAYS_SEARCH_USER_PATHS = NO;
				CLANG_ANALYZER_NONNULL = YES;
				CLANG_CXX_LANGUAGE_STANDARD = "gnu++0x";
				CLANG_CXX_LIBRARY = "libc++";
				CLANG_ENABLE_MODULES = YES;
				CLANG_ENABLE_OBJC_ARC = YES;
				CLANG_WARN_BOOL_CONVERSION = YES;
				CLANG_WARN_CONSTANT_CONVERSION = YES;
				CLANG_WARN_DIRECT_OBJC_ISA_USAGE = YES_ERROR;
				CLANG_WARN_DOCUMENTATION_COMMENTS = YES;
				CLANG_WARN_EMPTY_BODY = YES;
				CLANG_WARN_ENUM_CONVERSION = YES;
				CLANG_WARN_INFINITE_RECURSION = YES;
				CLANG_WARN_INT_CONVERSION = YES;
				CLANG_WARN_OBJC_ROOT_CLASS = YES_ERROR;
				CLANG_WARN_SUSPICIOUS_MOVE = YES;
				CLANG_WARN_UNREACHABLE_CODE = YES;
				CLANG_WARN__DUPLICATE_METHOD_MATCH = YES;
				"CODE_SIGN_IDENTITY[sdk=iphoneos*]" = "iPhone Developer";
				COPY_PHASE_STRIP = NO;
				DEBUG_INFORMATION_FORMAT = "dwarf-with-dsym";
				ENABLE_NS_ASSERTIONS = NO;
				ENABLE_STRICT_OBJC_MSGSEND = YES;
				GCC_C_LANGUAGE_STANDARD = gnu99;
				GCC_NO_COMMON_BLOCKS = YES;
				GCC_WARN_64_TO_32_BIT_CONVERSION = YES;
				GCC_WARN_ABOUT_RETURN_TYPE = YES_ERROR;
				GCC_WARN_UNDECLARED_SELECTOR = YES;
				GCC_WARN_UNINITIALIZED_AUTOS = YES_AGGRESSIVE;
				GCC_WARN_UNUSED_FUNCTION = YES;
				GCC_WARN_UNUSED_VARIABLE = YES;
				IPHONEOS_DEPLOYMENT_TARGET = 10.2;
				MTL_ENABLE_DEBUG_INFO = NO;
				SDKROOT = iphoneos;
				SWIFT_OPTIMIZATION_LEVEL = "-Owholemodule";
				TARGETED_DEVICE_FAMILY = "1,2";
				VALIDATE_PRODUCT = YES;
			};
			name = Release;
		};
		EF33BC461E62D24F002152D5 /* Debug */ = {
			isa = XCBuildConfiguration;
			baseConfigurationReference = F8758545982B10C04EA99F03 /* Pods-TwitterDemo.debug.xcconfig */;
			buildSettings = {
				ASSETCATALOG_COMPILER_APPICON_NAME = AppIcon;
				INFOPLIST_FILE = TwitterDemo/Info.plist;
				LD_RUNPATH_SEARCH_PATHS = "$(inherited) @executable_path/Frameworks";
				PRODUCT_BUNDLE_IDENTIFIER = codePath.com.TwitterDemo;
				PRODUCT_NAME = "$(TARGET_NAME)";
				SWIFT_VERSION = 3.0;
			};
			name = Debug;
		};
		EF33BC471E62D24F002152D5 /* Release */ = {
			isa = XCBuildConfiguration;
			baseConfigurationReference = FBA26634F1BC82DE99861DD7 /* Pods-TwitterDemo.release.xcconfig */;
			buildSettings = {
				ASSETCATALOG_COMPILER_APPICON_NAME = AppIcon;
				INFOPLIST_FILE = TwitterDemo/Info.plist;
				LD_RUNPATH_SEARCH_PATHS = "$(inherited) @executable_path/Frameworks";
				PRODUCT_BUNDLE_IDENTIFIER = codePath.com.TwitterDemo;
				PRODUCT_NAME = "$(TARGET_NAME)";
				SWIFT_VERSION = 3.0;
			};
			name = Release;
		};
/* End XCBuildConfiguration section */

/* Begin XCConfigurationList section */
		EF33BC2E1E62D24F002152D5 /* Build configuration list for PBXProject "TwitterDemo" */ = {
			isa = XCConfigurationList;
			buildConfigurations = (
				EF33BC431E62D24F002152D5 /* Debug */,
				EF33BC441E62D24F002152D5 /* Release */,
			);
			defaultConfigurationIsVisible = 0;
			defaultConfigurationName = Release;
		};
		EF33BC451E62D24F002152D5 /* Build configuration list for PBXNativeTarget "Twitter" */ = {
			isa = XCConfigurationList;
			buildConfigurations = (
				EF33BC461E62D24F002152D5 /* Debug */,
				EF33BC471E62D24F002152D5 /* Release */,
			);
			defaultConfigurationIsVisible = 0;
			defaultConfigurationName = Release;
		};
/* End XCConfigurationList section */
	};
	rootObject = EF33BC2B1E62D24F002152D5 /* Project object */;
}
